// !$*UTF8*$!
{
	archiveVersion = 1;
	classes = {
	};
	objectVersion = 50;
	objects = {

/* Begin PBXBuildFile section */
		8459BEF224CDC08B00D8E1FB /* AppDelegate.m in Sources */ = {isa = PBXBuildFile; fileRef = 8459BEF124CDC08B00D8E1FB /* AppDelegate.m */; };
		8459BEF524CDC08B00D8E1FB /* SceneDelegate.m in Sources */ = {isa = PBXBuildFile; fileRef = 8459BEF424CDC08B00D8E1FB /* SceneDelegate.m */; };
		8459BEF824CDC08B00D8E1FB /* ViewController.m in Sources */ = {isa = PBXBuildFile; fileRef = 8459BEF724CDC08B00D8E1FB /* ViewController.m */; };
		8459BEFB24CDC08B00D8E1FB /* Main.storyboard in Resources */ = {isa = PBXBuildFile; fileRef = 8459BEF924CDC08B00D8E1FB /* Main.storyboard */; };
		8459BEFD24CDC08E00D8E1FB /* Assets.xcassets in Resources */ = {isa = PBXBuildFile; fileRef = 8459BEFC24CDC08E00D8E1FB /* Assets.xcassets */; };
		8459BF0024CDC08E00D8E1FB /* LaunchScreen.storyboard in Resources */ = {isa = PBXBuildFile; fileRef = 8459BEFE24CDC08E00D8E1FB /* LaunchScreen.storyboard */; };
		8459BF0324CDC08E00D8E1FB /* main.m in Sources */ = {isa = PBXBuildFile; fileRef = 8459BF0224CDC08E00D8E1FB /* main.m */; };
		8459BF0A24CDC66300D8E1FB /* kunkun.jpg in Resources */ = {isa = PBXBuildFile; fileRef = 8459BF0924CDC66300D8E1FB /* kunkun.jpg */; };
/* End PBXBuildFile section */

/* Begin PBXFileReference section */
		8459BEED24CDC08B00D8E1FB /* OpenGL ES01.app */ = {isa = PBXFileReference; explicitFileType = wrapper.application; includeInIndex = 0; path = "OpenGL ES01.app"; sourceTree = BUILT_PRODUCTS_DIR; };
		8459BEF024CDC08B00D8E1FB /* AppDelegate.h */ = {isa = PBXFileReference; lastKnownFileType = sourcecode.c.h; path = AppDelegate.h; sourceTree = "<group>"; };
		8459BEF124CDC08B00D8E1FB /* AppDelegate.m */ = {isa = PBXFileReference; lastKnownFileType = sourcecode.c.objc; path = AppDelegate.m; sourceTree = "<group>"; };
		8459BEF324CDC08B00D8E1FB /* SceneDelegate.h */ = {isa = PBXFileReference; lastKnownFileType = sourcecode.c.h; path = SceneDelegate.h; sourceTree = "<group>"; };
		8459BEF424CDC08B00D8E1FB /* SceneDelegate.m */ = {isa = PBXFileReference; lastKnownFileType = sourcecode.c.objc; path = SceneDelegate.m; sourceTree = "<group>"; };
		8459BEF624CDC08B00D8E1FB /* ViewController.h */ = {isa = PBXFileReference; lastKnownFileType = sourcecode.c.h; path = ViewController.h; sourceTree = "<group>"; };
		8459BEF724CDC08B00D8E1FB /* ViewController.m */ = {isa = PBXFileReference; lastKnownFileType = sourcecode.c.objc; path = ViewController.m; sourceTree = "<group>"; };
		8459BEFA24CDC08B00D8E1FB /* Base */ = {isa = PBXFileReference; lastKnownFileType = file.storyboard; name = Base; path = Base.lproj/Main.storyboard; sourceTree = "<group>"; };
		8459BEFC24CDC08E00D8E1FB /* Assets.xcassets */ = {isa = PBXFileReference; lastKnownFileType = folder.assetcatalog; path = Assets.xcassets; sourceTree = "<group>"; };
		8459BEFF24CDC08E00D8E1FB /* Base */ = {isa = PBXFileReference; lastKnownFileType = file.storyboard; name = Base; path = Base.lproj/LaunchScreen.storyboard; sourceTree = "<group>"; };
		8459BF0124CDC08E00D8E1FB /* Info.plist */ = {isa = PBXFileReference; lastKnownFileType = text.plist.xml; path = Info.plist; sourceTree = "<group>"; };
		8459BF0224CDC08E00D8E1FB /* main.m */ = {isa = PBXFileReference; lastKnownFileType = sourcecode.c.objc; path = main.m; sourceTree = "<group>"; };
		8459BF0924CDC66300D8E1FB /* kunkun.jpg */ = {isa = PBXFileReference; lastKnownFileType = image.jpeg; path = kunkun.jpg; sourceTree = "<group>"; };
/* End PBXFileReference section */

/* Begin PBXFrameworksBuildPhase section */
		8459BEEA24CDC08B00D8E1FB /* Frameworks */ = {
			isa = PBXFrameworksBuildPhase;
			buildActionMask = 2147483647;
			files = (
			);
			runOnlyForDeploymentPostprocessing = 0;
		};
/* End PBXFrameworksBuildPhase section */

/* Begin PBXGroup section */
		8459BEE424CDC08B00D8E1FB = {
			isa = PBXGroup;
			children = (
				8459BEEF24CDC08B00D8E1FB /* OpenGL ES01 */,
				8459BEEE24CDC08B00D8E1FB /* Products */,
			);
			sourceTree = "<group>";
		};
		8459BEEE24CDC08B00D8E1FB /* Products */ = {
			isa = PBXGroup;
			children = (
				8459BEED24CDC08B00D8E1FB /* OpenGL ES01.app */,
			);
			name = Products;
			sourceTree = "<group>";
		};
		8459BEEF24CDC08B00D8E1FB /* OpenGL ES01 */ = {
			isa = PBXGroup;
			children = (
				8459BF0924CDC66300D8E1FB /* kunkun.jpg */,
				8459BEF024CDC08B00D8E1FB /* AppDelegate.h */,
				8459BEF124CDC08B00D8E1FB /* AppDelegate.m */,
				8459BEF324CDC08B00D8E1FB /* SceneDelegate.h */,
				8459BEF424CDC08B00D8E1FB /* SceneDelegate.m */,
				8459BEF624CDC08B00D8E1FB /* ViewController.h */,
				8459BEF724CDC08B00D8E1FB /* ViewController.m */,
				8459BEF924CDC08B00D8E1FB /* Main.storyboard */,
				8459BEFC24CDC08E00D8E1FB /* Assets.xcassets */,
				8459BEFE24CDC08E00D8E1FB /* LaunchScreen.storyboard */,
				8459BF0124CDC08E00D8E1FB /* Info.plist */,
				8459BF0224CDC08E00D8E1FB /* main.m */,
			);
			path = "OpenGL ES01";
			sourceTree = "<group>";
		};
/* End PBXGroup section */

/* Begin PBXNativeTarget section */
		8459BEEC24CDC08B00D8E1FB /* OpenGL ES01 */ = {
			isa = PBXNativeTarget;
			buildConfigurationList = 8459BF0624CDC08E00D8E1FB /* Build configuration list for PBXNativeTarget "OpenGL ES01" */;
			buildPhases = (
				8459BEE924CDC08B00D8E1FB /* Sources */,
				8459BEEA24CDC08B00D8E1FB /* Frameworks */,
				8459BEEB24CDC08B00D8E1FB /* Resources */,
			);
			buildRules = (
			);
			dependencies = (
			);
			name = "OpenGL ES01";
			productName = "OpenGL ES01";
			productReference = 8459BEED24CDC08B00D8E1FB /* OpenGL ES01.app */;
			productType = "com.apple.product-type.application";
		};
/* End PBXNativeTarget section */

/* Begin PBXProject section */
		8459BEE524CDC08B00D8E1FB /* Project object */ = {
			isa = PBXProject;
			attributes = {
				LastUpgradeCheck = 1160;
				ORGANIZATIONNAME = sunny;
				TargetAttributes = {
					8459BEEC24CDC08B00D8E1FB = {
						CreatedOnToolsVersion = 11.6;
					};
				};
			};
			buildConfigurationList = 8459BEE824CDC08B00D8E1FB /* Build configuration list for PBXProject "OpenGL ES01" */;
			compatibilityVersion = "Xcode 9.3";
			developmentRegion = en;
			hasScannedForEncodings = 0;
			knownRegions = (
				en,
				Base,
			);
			mainGroup = 8459BEE424CDC08B00D8E1FB;
			productRefGroup = 8459BEEE24CDC08B00D8E1FB /* Products */;
			projectDirPath = "";
			projectRoot = "";
			targets = (
				8459BEEC24CDC08B00D8E1FB /* OpenGL ES01 */,
			);
		};
/* End PBXProject section */

/* Begin PBXResourcesBuildPhase section */
		8459BEEB24CDC08B00D8E1FB /* Resources */ = {
			isa = PBXResourcesBuildPhase;
			buildActionMask = 2147483647;
			files = (
				8459BF0024CDC08E00D8E1FB /* LaunchScreen.storyboard in Resources */,
				8459BF0A24CDC66300D8E1FB /* kunkun.jpg in Resources */,
				8459BEFD24CDC08E00D8E1FB /* Assets.xcassets in Resources */,
				8459BEFB24CDC08B00D8E1FB /* Main.storyboard in Resources */,
			);
			runOnlyForDeploymentPostprocessing = 0;
		};
/* End PBXResourcesBuildPhase section */

/* Begin PBXSourcesBuildPhase section */
		8459BEE924CDC08B00D8E1FB /* Sources */ = {
			isa = PBXSourcesBuildPhase;
			buildActionMask = 2147483647;
			files = (
				8459BEF824CDC08B00D8E1FB /* ViewController.m in Sources */,
				8459BEF224CDC08B00D8E1FB /* AppDelegate.m in Sources */,
				8459BF0324CDC08E00D8E1FB /* main.m in Sources */,
				8459BEF524CDC08B00D8E1FB /* SceneDelegate.m in Sources */,
			);
			runOnlyForDeploymentPostprocessing = 0;
		};
/* End PBXSourcesBuildPhase section */

/* Begin PBXVariantGroup section */
		8459BEF924CDC08B00D8E1FB /* Main.storyboard */ = {
			isa = PBXVariantGroup;
			children = (
				8459BEFA24CDC08B00D8E1FB /* Base */,
			);
			name = Main.storyboard;
			sourceTree = "<group>";
		};
		8459BEFE24CDC08E00D8E1FB /* LaunchScreen.storyboard */ = {
			isa = PBXVariantGroup;
			children = (
				8459BEFF24CDC08E00D8E1FB /* Base */,
			);
			name = LaunchScreen.storyboard;
			sourceTree = "<group>";
		};
/* End PBXVariantGroup section */

/* Begin XCBuildConfiguration section */
		8459BF0424CDC08E00D8E1FB /* Debug */ = {
			isa = XCBuildConfiguration;
			buildSettings = {
				ALWAYS_SEARCH_USER_PATHS = NO;
				CLANG_ANALYZER_NONNULL = YES;
				CLANG_ANALYZER_NUMBER_OBJECT_CONVERSION = YES_AGGRESSIVE;
				CLANG_CXX_LANGUAGE_STANDARD = "gnu++14";
				CLANG_CXX_LIBRARY = "libc++";
				CLANG_ENABLE_MODULES = YES;
				CLANG_ENABLE_OBJC_ARC = YES;
				CLANG_ENABLE_OBJC_WEAK = YES;
				CLANG_WARN_BLOCK_CAPTURE_AUTORELEASING = YES;
				CLANG_WARN_BOOL_CONVERSION = YES;
				CLANG_WARN_COMMA = YES;
				CLANG_WARN_CONSTANT_CONVERSION = YES;
				CLANG_WARN_DEPRECATED_OBJC_IMPLEMENTATIONS = YES;
				CLANG_WARN_DIRECT_OBJC_ISA_USAGE = YES_ERROR;
				CLANG_WARN_DOCUMENTATION_COMMENTS = YES;
				CLANG_WARN_EMPTY_BODY = YES;
				CLANG_WARN_ENUM_CONVERSION = YES;
				CLANG_WARN_INFINITE_RECURSION = YES;
				CLANG_WARN_INT_CONVERSION = YES;
				CLANG_WARN_NON_LITERAL_NULL_CONVERSION = YES;
				CLANG_WARN_OBJC_IMPLICIT_RETAIN_SELF = YES;
				CLANG_WARN_OBJC_LITERAL_CONVERSION = YES;
				CLANG_WARN_OBJC_ROOT_CLASS = YES_ERROR;
				CLANG_WARN_RANGE_LOOP_ANALYSIS = YES;
				CLANG_WARN_STRICT_PROTOTYPES = YES;
				CLANG_WARN_SUSPICIOUS_MOVE = YES;
				CLANG_WARN_UNGUARDED_AVAILABILITY = YES_AGGRESSIVE;
				CLANG_WARN_UNREACHABLE_CODE = YES;
				CLANG_WARN__DUPLICATE_METHOD_MATCH = YES;
				COPY_PHASE_STRIP = NO;
				DEBUG_INFORMATION_FORMAT = dwarf;
				ENABLE_STRICT_OBJC_MSGSEND = YES;
				ENABLE_TESTABILITY = YES;
				GCC_C_LANGUAGE_STANDARD = gnu11;
				GCC_DYNAMIC_NO_PIC = NO;
				GCC_NO_COMMON_BLOCKS = YES;
				GCC_OPTIMIZATION_LEVEL = 0;
				GCC_PREPROCESSOR_DEFINITIONS = (
					"DEBUG=1",
					"$(inherited)",
				);
				GCC_WARN_64_TO_32_BIT_CONVERSION = YES;
				GCC_WARN_ABOUT_RETURN_TYPE = YES_ERROR;
				GCC_WARN_UNDECLARED_SELECTOR = YES;
				GCC_WARN_UNINITIALIZED_AUTOS = YES_AGGRESSIVE;
				GCC_WARN_UNUSED_FUNCTION = YES;
				GCC_WARN_UNUSED_VARIABLE = YES;
				IPHONEOS_DEPLOYMENT_TARGET = 13.6;
				MTL_ENABLE_DEBUG_INFO = INCLUDE_SOURCE;
				MTL_FAST_MATH = YES;
				ONLY_ACTIVE_ARCH = YES;
				SDKROOT = iphoneos;
			};
			name = Debug;
		};
		8459BF0524CDC08E00D8E1FB /* Release */ = {
			isa = XCBuildConfiguration;
			buildSettings = {
				ALWAYS_SEARCH_USER_PATHS = NO;
				CLANG_ANALYZER_NONNULL = YES;
				CLANG_ANALYZER_NUMBER_OBJECT_CONVERSION = YES_AGGRESSIVE;
				CLANG_CXX_LANGUAGE_STANDARD = "gnu++14";
				CLANG_CXX_LIBRARY = "libc++";
				CLANG_ENABLE_MODULES = YES;
				CLANG_ENABLE_OBJC_ARC = YES;
				CLANG_ENABLE_OBJC_WEAK = YES;
				CLANG_WARN_BLOCK_CAPTURE_AUTORELEASING = YES;
				CLANG_WARN_BOOL_CONVERSION = YES;
				CLANG_WARN_COMMA = YES;
				CLANG_WARN_CONSTANT_CONVERSION = YES;
				CLANG_WARN_DEPRECATED_OBJC_IMPLEMENTATIONS = YES;
				CLANG_WARN_DIRECT_OBJC_ISA_USAGE = YES_ERROR;
				CLANG_WARN_DOCUMENTATION_COMMENTS = YES;
				CLANG_WARN_EMPTY_BODY = YES;
				CLANG_WARN_ENUM_CONVERSION = YES;
				CLANG_WARN_INFINITE_RECURSION = YES;
				CLANG_WARN_INT_CONVERSION = YES;
				CLANG_WARN_NON_LITERAL_NULL_CONVERSION = YES;
				CLANG_WARN_OBJC_IMPLICIT_RETAIN_SELF = YES;
				CLANG_WARN_OBJC_LITERAL_CONVERSION = YES;
				CLANG_WARN_OBJC_ROOT_CLASS = YES_ERROR;
				CLANG_WARN_RANGE_LOOP_ANALYSIS = YES;
				CLANG_WARN_STRICT_PROTOTYPES = YES;
				CLANG_WARN_SUSPICIOUS_MOVE = YES;
				CLANG_WARN_UNGUARDED_AVAILABILITY = YES_AGGRESSIVE;
				CLANG_WARN_UNREACHABLE_CODE = YES;
				CLANG_WARN__DUPLICATE_METHOD_MATCH = YES;
				COPY_PHASE_STRIP = NO;
				DEBUG_INFORMATION_FORMAT = "dwarf-with-dsym";
				ENABLE_NS_ASSERTIONS = NO;
				ENABLE_STRICT_OBJC_MSGSEND = YES;
				GCC_C_LANGUAGE_STANDARD = gnu11;
				GCC_NO_COMMON_BLOCKS = YES;
				GCC_WARN_64_TO_32_BIT_CONVERSION = YES;
				GCC_WARN_ABOUT_RETURN_TYPE = YES_ERROR;
				GCC_WARN_UNDECLARED_SELECTOR = YES;
				GCC_WARN_UNINITIALIZED_AUTOS = YES_AGGRESSIVE;
				GCC_WARN_UNUSED_FUNCTION = YES;
				GCC_WARN_UNUSED_VARIABLE = YES;
				IPHONEOS_DEPLOYMENT_TARGET = 13.6;
				MTL_ENABLE_DEBUG_INFO = NO;
				MTL_FAST_MATH = YES;
				SDKROOT = iphoneos;
				VALIDATE_PRODUCT = YES;
			};
			name = Release;
		};
		8459BF0724CDC08E00D8E1FB /* Debug */ = {
			isa = XCBuildConfiguration;
			buildSettings = {
				ASSETCATALOG_COMPILER_APPICON_NAME = AppIcon;
				CODE_SIGN_STYLE = Automatic;
				DEVELOPMENT_TEAM = GZLD6PBZ98;
				INFOPLIST_FILE = "OpenGL ES01/Info.plist";
				LD_RUNPATH_SEARCH_PATHS = (
					"$(inherited)",
					"@executable_path/Frameworks",
				);
				PRODUCT_BUNDLE_IDENTIFIER = "Sunny.OpenGL-ES01";
				PRODUCT_NAME = "$(TARGET_NAME)";
				TARGETED_DEVICE_FAMILY = "1,2";
			};
			name = Debug;
		};
		8459BF0824CDC08E00D8E1FB /* Release */ = {
			isa = XCBuildConfiguration;
			buildSettings = {
				ASSETCATALOG_COMPILER_APPICON_NAME = AppIcon;
				CODE_SIGN_STYLE = Automatic;
				DEVELOPMENT_TEAM = GZLD6PBZ98;
				INFOPLIST_FILE = "OpenGL ES01/Info.plist";
				LD_RUNPATH_SEARCH_PATHS = (
					"$(inherited)",
					"@executable_path/Frameworks",
				);
				PRODUCT_BUNDLE_IDENTIFIER = "Sunny.OpenGL-ES01";
				PRODUCT_NAME = "$(TARGET_NAME)";
				TARGETED_DEVICE_FAMILY = "1,2";
			};
			name = Release;
		};
/* End XCBuildConfiguration section */

/* Begin XCConfigurationList section */
		8459BEE824CDC08B00D8E1FB /* Build configuration list for PBXProject "OpenGL ES01" */ = {
			isa = XCConfigurationList;
			buildConfigurations = (
				8459BF0424CDC08E00D8E1FB /* Debug */,
				8459BF0524CDC08E00D8E1FB /* Release */,
			);
			defaultConfigurationIsVisible = 0;
			defaultConfigurationName = Release;
		};
		8459BF0624CDC08E00D8E1FB /* Build configuration list for PBXNativeTarget "OpenGL ES01" */ = {
			isa = XCConfigurationList;
			buildConfigurations = (
				8459BF0724CDC08E00D8E1FB /* Debug */,
				8459BF0824CDC08E00D8E1FB /* Release */,
			);
			defaultConfigurationIsVisible = 0;
			defaultConfigurationName = Release;
		};
/* End XCConfigurationList section */
	};
	rootObject = 8459BEE524CDC08B00D8E1FB /* Project object */;
}
